
Microsoft Visual Studio Solution File, Format Version 12.00
# Visual Studio Version 16
VisualStudioVersion = 16.0.29509.3
MinimumVisualStudioVersion = 10.0.40219.1
Project("{FAE04EC0-301F-11D3-BF4B-00C04F79EFBC}") = "Puzzle", "Puzzle\Puzzle.csproj", "{B4D8699A-894A-44D2-913C-1CA99E4BAC4D}"
EndProject
Global
	GlobalSection(SolutionConfigurationPlatforms) = preSolution
		Debug|Any CPU = Debug|Any CPU
		Release|Any CPU = Release|Any CPU
	EndGlobalSection
	GlobalSection(ProjectConfigurationPlatforms) = postSolution
		{B4D8699A-894A-44D2-913C-1CA99E4BAC4D}.Debug|Any CPU.ActiveCfg = Debug|Any CPU
		{B4D8699A-894A-44D2-913C-1CA99E4BAC4D}.Debug|Any CPU.Build.0 = Debug|Any CPU
		{B4D8699A-894A-44D2-913C-1CA99E4BAC4D}.Release|Any CPU.ActiveCfg = Release|Any CPU
		{B4D8699A-894A-44D2-913C-1CA99E4BAC4D}.Release|Any CPU.Build.0 = Release|Any CPU
	EndGlobalSection
	GlobalSection(SolutionProperties) = preSolution
		HideSolutionNode = FALSE
	EndGlobalSection
	GlobalSection(ExtensibilityGlobals) = postSolution
		SolutionGuid = {4F2C39D7-DEA0-404B-87EE-B0B3F90C8D97}
	EndGlobalSection
EndGlobal
